
Microsoft Visual Studio Solution File, Format Version 12.00
# Visual Studio Version 16
VisualStudioVersion = 16.0.30406.217
MinimumVisualStudioVersion = 10.0.40219.1
Project("{9A19103F-16F7-4668-BE54-9A1E7A4F7556}") = "Task1", "Task1.csproj", "{0E1709FA-2A62-47C9-B461-A08483CF397E}"
EndProject
Project("{FAE04EC0-301F-11D3-BF4B-00C04F79EFBC}") = "Task2", "..\Task2\Task2.csproj", "{04FD671C-7094-4D70-8C3E-209893C995B7}"
EndProject
Global
	GlobalSection(SolutionConfigurationPlatforms) = preSolution
		Debug|Any CPU = Debug|Any CPU
		Release|Any CPU = Release|Any CPU
	EndGlobalSection
	GlobalSection(ProjectConfigurationPlatforms) = postSolution
		{0E1709FA-2A62-47C9-B461-A08483CF397E}.Debug|Any CPU.ActiveCfg = Debug|Any CPU
		{0E1709FA-2A62-47C9-B461-A08483CF397E}.Debug|Any CPU.Build.0 = Debug|Any CPU
		{0E1709FA-2A62-47C9-B461-A08483CF397E}.Release|Any CPU.ActiveCfg = Release|Any CPU
		{0E1709FA-2A62-47C9-B461-A08483CF397E}.Release|Any CPU.Build.0 = Release|Any CPU
		{04FD671C-7094-4D70-8C3E-209893C995B7}.Debug|Any CPU.ActiveCfg = Debug|Any CPU
		{04FD671C-7094-4D70-8C3E-209893C995B7}.Debug|Any CPU.Build.0 = Debug|Any CPU
		{04FD671C-7094-4D70-8C3E-209893C995B7}.Release|Any CPU.ActiveCfg = Release|Any CPU
		{04FD671C-7094-4D70-8C3E-209893C995B7}.Release|Any CPU.Build.0 = Release|Any CPU
	EndGlobalSection
	GlobalSection(SolutionProperties) = preSolution
		HideSolutionNode = FALSE
	EndGlobalSection
	GlobalSection(ExtensibilityGlobals) = postSolution
		SolutionGuid = {965D27C2-E93B-484A-A070-C4A75AD33313}
	EndGlobalSection
EndGlobal
